// !$*UTF8*$!
{
	archiveVersion = 1;
	classes = {
	};
	objectVersion = 50;
	objects = {

/* Begin PBXBuildFile section */
		7F22442E23C78CB200401025 /* AppDelegate.swift in Sources */ = {isa = PBXBuildFile; fileRef = 7F22442D23C78CB200401025 /* AppDelegate.swift */; };
		7F22443023C78CB200401025 /* SceneDelegate.swift in Sources */ = {isa = PBXBuildFile; fileRef = 7F22442F23C78CB200401025 /* SceneDelegate.swift */; };
		7F22443223C78CB200401025 /* ViewController.swift in Sources */ = {isa = PBXBuildFile; fileRef = 7F22443123C78CB200401025 /* ViewController.swift */; };
		7F22443523C78CB200401025 /* Main.storyboard in Resources */ = {isa = PBXBuildFile; fileRef = 7F22443323C78CB200401025 /* Main.storyboard */; };
		7F22443A23C78CB500401025 /* LaunchScreen.storyboard in Resources */ = {isa = PBXBuildFile; fileRef = 7F22443823C78CB500401025 /* LaunchScreen.storyboard */; };
		7F22444523C78CB500401025 /* PlanetListTests.swift in Sources */ = {isa = PBXBuildFile; fileRef = 7F22444423C78CB500401025 /* PlanetListTests.swift */; };
		7F22445023C78CB500401025 /* PlanetListUITests.swift in Sources */ = {isa = PBXBuildFile; fileRef = 7F22444F23C78CB500401025 /* PlanetListUITests.swift */; };
		7F22446023C78E5C00401025 /* CollectionViewCell.swift in Sources */ = {isa = PBXBuildFile; fileRef = 7F22445F23C78E5C00401025 /* CollectionViewCell.swift */; };
		7FF68EE323C8FAC600EDF4C7 /* Assets.xcassets in Resources */ = {isa = PBXBuildFile; fileRef = 7FF68EE223C8FAC600EDF4C7 /* Assets.xcassets */; };
/* End PBXBuildFile section */

/* Begin PBXContainerItemProxy section */
		7F22444123C78CB500401025 /* PBXContainerItemProxy */ = {
			isa = PBXContainerItemProxy;
			containerPortal = 7F22442223C78CB200401025 /* Project object */;
			proxyType = 1;
			remoteGlobalIDString = 7F22442923C78CB200401025;
			remoteInfo = PlanetList;
		};
		7F22444C23C78CB500401025 /* PBXContainerItemProxy */ = {
			isa = PBXContainerItemProxy;
			containerPortal = 7F22442223C78CB200401025 /* Project object */;
			proxyType = 1;
			remoteGlobalIDString = 7F22442923C78CB200401025;
			remoteInfo = PlanetList;
		};
/* End PBXContainerItemProxy section */

/* Begin PBXFileReference section */
		7F22442A23C78CB200401025 /* PlanetList.app */ = {isa = PBXFileReference; explicitFileType = wrapper.application; includeInIndex = 0; path = PlanetList.app; sourceTree = BUILT_PRODUCTS_DIR; };
		7F22442D23C78CB200401025 /* AppDelegate.swift */ = {isa = PBXFileReference; lastKnownFileType = sourcecode.swift; path = AppDelegate.swift; sourceTree = "<group>"; };
		7F22442F23C78CB200401025 /* SceneDelegate.swift */ = {isa = PBXFileReference; lastKnownFileType = sourcecode.swift; path = SceneDelegate.swift; sourceTree = "<group>"; };
		7F22443123C78CB200401025 /* ViewController.swift */ = {isa = PBXFileReference; lastKnownFileType = sourcecode.swift; path = ViewController.swift; sourceTree = "<group>"; };
		7F22443423C78CB200401025 /* Base */ = {isa = PBXFileReference; lastKnownFileType = file.storyboard; name = Base; path = Base.lproj/Main.storyboard; sourceTree = "<group>"; };
		7F22443923C78CB500401025 /* Base */ = {isa = PBXFileReference; lastKnownFileType = file.storyboard; name = Base; path = Base.lproj/LaunchScreen.storyboard; sourceTree = "<group>"; };
		7F22443B23C78CB500401025 /* Info.plist */ = {isa = PBXFileReference; lastKnownFileType = text.plist.xml; path = Info.plist; sourceTree = "<group>"; };
		7F22444023C78CB500401025 /* PlanetListTests.xctest */ = {isa = PBXFileReference; explicitFileType = wrapper.cfbundle; includeInIndex = 0; path = PlanetListTests.xctest; sourceTree = BUILT_PRODUCTS_DIR; };
		7F22444423C78CB500401025 /* PlanetListTests.swift */ = {isa = PBXFileReference; lastKnownFileType = sourcecode.swift; path = PlanetListTests.swift; sourceTree = "<group>"; };
		7F22444623C78CB500401025 /* Info.plist */ = {isa = PBXFileReference; lastKnownFileType = text.plist.xml; path = Info.plist; sourceTree = "<group>"; };
		7F22444B23C78CB500401025 /* PlanetListUITests.xctest */ = {isa = PBXFileReference; explicitFileType = wrapper.cfbundle; includeInIndex = 0; path = PlanetListUITests.xctest; sourceTree = BUILT_PRODUCTS_DIR; };
		7F22444F23C78CB500401025 /* PlanetListUITests.swift */ = {isa = PBXFileReference; lastKnownFileType = sourcecode.swift; path = PlanetListUITests.swift; sourceTree = "<group>"; };
		7F22445123C78CB500401025 /* Info.plist */ = {isa = PBXFileReference; lastKnownFileType = text.plist.xml; path = Info.plist; sourceTree = "<group>"; };
		7F22445F23C78E5C00401025 /* CollectionViewCell.swift */ = {isa = PBXFileReference; lastKnownFileType = sourcecode.swift; path = CollectionViewCell.swift; sourceTree = "<group>"; };
		7FF68EE223C8FAC600EDF4C7 /* Assets.xcassets */ = {isa = PBXFileReference; lastKnownFileType = folder.assetcatalog; path = Assets.xcassets; sourceTree = "<group>"; };
/* End PBXFileReference section */

/* Begin PBXFrameworksBuildPhase section */
		7F22442723C78CB200401025 /* Frameworks */ = {
			isa = PBXFrameworksBuildPhase;
			buildActionMask = 2147483647;
			files = (
			);
			runOnlyForDeploymentPostprocessing = 0;
		};
		7F22443D23C78CB500401025 /* Frameworks */ = {
			isa = PBXFrameworksBuildPhase;
			buildActionMask = 2147483647;
			files = (
			);
			runOnlyForDeploymentPostprocessing = 0;
		};
		7F22444823C78CB500401025 /* Frameworks */ = {
			isa = PBXFrameworksBuildPhase;
			buildActionMask = 2147483647;
			files = (
			);
			runOnlyForDeploymentPostprocessing = 0;
		};
/* End PBXFrameworksBuildPhase section */

/* Begin PBXGroup section */
		7F22442123C78CB200401025 = {
			isa = PBXGroup;
			children = (
				7F22442C23C78CB200401025 /* PlanetList */,
				7F22444323C78CB500401025 /* PlanetListTests */,
				7F22444E23C78CB500401025 /* PlanetListUITests */,
				7F22442B23C78CB200401025 /* Products */,
			);
			sourceTree = "<group>";
		};
		7F22442B23C78CB200401025 /* Products */ = {
			isa = PBXGroup;
			children = (
				7F22442A23C78CB200401025 /* PlanetList.app */,
				7F22444023C78CB500401025 /* PlanetListTests.xctest */,
				7F22444B23C78CB500401025 /* PlanetListUITests.xctest */,
			);
			name = Products;
			sourceTree = "<group>";
		};
		7F22442C23C78CB200401025 /* PlanetList */ = {
			isa = PBXGroup;
			children = (
				7FF68EE223C8FAC600EDF4C7 /* Assets.xcassets */,
				7F22442D23C78CB200401025 /* AppDelegate.swift */,
				7F22442F23C78CB200401025 /* SceneDelegate.swift */,
				7F22443123C78CB200401025 /* ViewController.swift */,
				7F22443323C78CB200401025 /* Main.storyboard */,
				7F22443823C78CB500401025 /* LaunchScreen.storyboard */,
				7F22443B23C78CB500401025 /* Info.plist */,
				7F22445F23C78E5C00401025 /* CollectionViewCell.swift */,
			);
			path = PlanetList;
			sourceTree = "<group>";
		};
		7F22444323C78CB500401025 /* PlanetListTests */ = {
			isa = PBXGroup;
			children = (
				7F22444423C78CB500401025 /* PlanetListTests.swift */,
				7F22444623C78CB500401025 /* Info.plist */,
			);
			path = PlanetListTests;
			sourceTree = "<group>";
		};
		7F22444E23C78CB500401025 /* PlanetListUITests */ = {
			isa = PBXGroup;
			children = (
				7F22444F23C78CB500401025 /* PlanetListUITests.swift */,
				7F22445123C78CB500401025 /* Info.plist */,
			);
			path = PlanetListUITests;
			sourceTree = "<group>";
		};
/* End PBXGroup section */

/* Begin PBXNativeTarget section */
		7F22442923C78CB200401025 /* PlanetList */ = {
			isa = PBXNativeTarget;
			buildConfigurationList = 7F22445423C78CB500401025 /* Build configuration list for PBXNativeTarget "PlanetList" */;
			buildPhases = (
				7F22442623C78CB200401025 /* Sources */,
				7F22442723C78CB200401025 /* Frameworks */,
				7F22442823C78CB200401025 /* Resources */,
			);
			buildRules = (
			);
			dependencies = (
			);
			name = PlanetList;
			productName = PlanetList;
			productReference = 7F22442A23C78CB200401025 /* PlanetList.app */;
			productType = "com.apple.product-type.application";
		};
		7F22443F23C78CB500401025 /* PlanetListTests */ = {
			isa = PBXNativeTarget;
			buildConfigurationList = 7F22445723C78CB500401025 /* Build configuration list for PBXNativeTarget "PlanetListTests" */;
			buildPhases = (
				7F22443C23C78CB500401025 /* Sources */,
				7F22443D23C78CB500401025 /* Frameworks */,
				7F22443E23C78CB500401025 /* Resources */,
			);
			buildRules = (
			);
			dependencies = (
				7F22444223C78CB500401025 /* PBXTargetDependency */,
			);
			name = PlanetListTests;
			productName = PlanetListTests;
			productReference = 7F22444023C78CB500401025 /* PlanetListTests.xctest */;
			productType = "com.apple.product-type.bundle.unit-test";
		};
		7F22444A23C78CB500401025 /* PlanetListUITests */ = {
			isa = PBXNativeTarget;
			buildConfigurationList = 7F22445A23C78CB500401025 /* Build configuration list for PBXNativeTarget "PlanetListUITests" */;
			buildPhases = (
				7F22444723C78CB500401025 /* Sources */,
				7F22444823C78CB500401025 /* Frameworks */,
				7F22444923C78CB500401025 /* Resources */,
			);
			buildRules = (
			);
			dependencies = (
				7F22444D23C78CB500401025 /* PBXTargetDependency */,
			);
			name = PlanetListUITests;
			productName = PlanetListUITests;
			productReference = 7F22444B23C78CB500401025 /* PlanetListUITests.xctest */;
			productType = "com.apple.product-type.bundle.ui-testing";
		};
/* End PBXNativeTarget section */

/* Begin PBXProject section */
		7F22442223C78CB200401025 /* Project object */ = {
			isa = PBXProject;
			attributes = {
				LastSwiftUpdateCheck = 1130;
				LastUpgradeCheck = 1130;
				ORGANIZATIONNAME = "Natalia Wcisło";
				TargetAttributes = {
					7F22442923C78CB200401025 = {
						CreatedOnToolsVersion = 11.3;
					};
					7F22443F23C78CB500401025 = {
						CreatedOnToolsVersion = 11.3;
						TestTargetID = 7F22442923C78CB200401025;
					};
					7F22444A23C78CB500401025 = {
						CreatedOnToolsVersion = 11.3;
						TestTargetID = 7F22442923C78CB200401025;
					};
				};
			};
			buildConfigurationList = 7F22442523C78CB200401025 /* Build configuration list for PBXProject "PlanetList" */;
			compatibilityVersion = "Xcode 9.3";
			developmentRegion = en;
			hasScannedForEncodings = 0;
			knownRegions = (
				en,
				Base,
			);
			mainGroup = 7F22442123C78CB200401025;
			productRefGroup = 7F22442B23C78CB200401025 /* Products */;
			projectDirPath = "";
			projectRoot = "";
			targets = (
				7F22442923C78CB200401025 /* PlanetList */,
				7F22443F23C78CB500401025 /* PlanetListTests */,
				7F22444A23C78CB500401025 /* PlanetListUITests */,
			);
		};
/* End PBXProject section */

/* Begin PBXResourcesBuildPhase section */
		7F22442823C78CB200401025 /* Resources */ = {
			isa = PBXResourcesBuildPhase;
			buildActionMask = 2147483647;
			files = (
				7F22443A23C78CB500401025 /* LaunchScreen.storyboard in Resources */,
				7FF68EE323C8FAC600EDF4C7 /* Assets.xcassets in Resources */,
				7F22443523C78CB200401025 /* Main.storyboard in Resources */,
			);
			runOnlyForDeploymentPostprocessing = 0;
		};
		7F22443E23C78CB500401025 /* Resources */ = {
			isa = PBXResourcesBuildPhase;
			buildActionMask = 2147483647;
			files = (
			);
			runOnlyForDeploymentPostprocessing = 0;
		};
		7F22444923C78CB500401025 /* Resources */ = {
			isa = PBXResourcesBuildPhase;
			buildActionMask = 2147483647;
			files = (
			);
			runOnlyForDeploymentPostprocessing = 0;
		};
/* End PBXResourcesBuildPhase section */

/* Begin PBXSourcesBuildPhase section */
		7F22442623C78CB200401025 /* Sources */ = {
			isa = PBXSourcesBuildPhase;
			buildActionMask = 2147483647;
			files = (
				7F22443223C78CB200401025 /* ViewController.swift in Sources */,
				7F22442E23C78CB200401025 /* AppDelegate.swift in Sources */,
				7F22446023C78E5C00401025 /* CollectionViewCell.swift in Sources */,
				7F22443023C78CB200401025 /* SceneDelegate.swift in Sources */,
			);
			runOnlyForDeploymentPostprocessing = 0;
		};
		7F22443C23C78CB500401025 /* Sources */ = {
			isa = PBXSourcesBuildPhase;
			buildActionMask = 2147483647;
			files = (
				7F22444523C78CB500401025 /* PlanetListTests.swift in Sources */,
			);
			runOnlyForDeploymentPostprocessing = 0;
		};
		7F22444723C78CB500401025 /* Sources */ = {
			isa = PBXSourcesBuildPhase;
			buildActionMask = 2147483647;
			files = (
				7F22445023C78CB500401025 /* PlanetListUITests.swift in Sources */,
			);
			runOnlyForDeploymentPostprocessing = 0;
		};
/* End PBXSourcesBuildPhase section */

/* Begin PBXTargetDependency section */
		7F22444223C78CB500401025 /* PBXTargetDependency */ = {
			isa = PBXTargetDependency;
			target = 7F22442923C78CB200401025 /* PlanetList */;
			targetProxy = 7F22444123C78CB500401025 /* PBXContainerItemProxy */;
		};
		7F22444D23C78CB500401025 /* PBXTargetDependency */ = {
			isa = PBXTargetDependency;
			target = 7F22442923C78CB200401025 /* PlanetList */;
			targetProxy = 7F22444C23C78CB500401025 /* PBXContainerItemProxy */;
		};
/* End PBXTargetDependency section */

/* Begin PBXVariantGroup section */
		7F22443323C78CB200401025 /* Main.storyboard */ = {
			isa = PBXVariantGroup;
			children = (
				7F22443423C78CB200401025 /* Base */,
			);
			name = Main.storyboard;
			sourceTree = "<group>";
		};
		7F22443823C78CB500401025 /* LaunchScreen.storyboard */ = {
			isa = PBXVariantGroup;
			children = (
				7F22443923C78CB500401025 /* Base */,
			);
			name = LaunchScreen.storyboard;
			sourceTree = "<group>";
		};
/* End PBXVariantGroup section */

/* Begin XCBuildConfiguration section */
		7F22445223C78CB500401025 /* Debug */ = {
			isa = XCBuildConfiguration;
			buildSettings = {
				ALWAYS_SEARCH_USER_PATHS = NO;
				CLANG_ANALYZER_NONNULL = YES;
				CLANG_ANALYZER_NUMBER_OBJECT_CONVERSION = YES_AGGRESSIVE;
				CLANG_CXX_LANGUAGE_STANDARD = "gnu++14";
				CLANG_CXX_LIBRARY = "libc++";
				CLANG_ENABLE_MODULES = YES;
				CLANG_ENABLE_OBJC_ARC = YES;
				CLANG_ENABLE_OBJC_WEAK = YES;
				CLANG_WARN_BLOCK_CAPTURE_AUTORELEASING = YES;
				CLANG_WARN_BOOL_CONVERSION = YES;
				CLANG_WARN_COMMA = YES;
				CLANG_WARN_CONSTANT_CONVERSION = YES;
				CLANG_WARN_DEPRECATED_OBJC_IMPLEMENTATIONS = YES;
				CLANG_WARN_DIRECT_OBJC_ISA_USAGE = YES_ERROR;
				CLANG_WARN_DOCUMENTATION_COMMENTS = YES;
				CLANG_WARN_EMPTY_BODY = YES;
				CLANG_WARN_ENUM_CONVERSION = YES;
				CLANG_WARN_INFINITE_RECURSION = YES;
				CLANG_WARN_INT_CONVERSION = YES;
				CLANG_WARN_NON_LITERAL_NULL_CONVERSION = YES;
				CLANG_WARN_OBJC_IMPLICIT_RETAIN_SELF = YES;
				CLANG_WARN_OBJC_LITERAL_CONVERSION = YES;
				CLANG_WARN_OBJC_ROOT_CLASS = YES_ERROR;
				CLANG_WARN_RANGE_LOOP_ANALYSIS = YES;
				CLANG_WARN_STRICT_PROTOTYPES = YES;
				CLANG_WARN_SUSPICIOUS_MOVE = YES;
				CLANG_WARN_UNGUARDED_AVAILABILITY = YES_AGGRESSIVE;
				CLANG_WARN_UNREACHABLE_CODE = YES;
				CLANG_WARN__DUPLICATE_METHOD_MATCH = YES;
				COPY_PHASE_STRIP = NO;
				DEBUG_INFORMATION_FORMAT = dwarf;
				ENABLE_STRICT_OBJC_MSGSEND = YES;
				ENABLE_TESTABILITY = YES;
				GCC_C_LANGUAGE_STANDARD = gnu11;
				GCC_DYNAMIC_NO_PIC = NO;
				GCC_NO_COMMON_BLOCKS = YES;
				GCC_OPTIMIZATION_LEVEL = 0;
				GCC_PREPROCESSOR_DEFINITIONS = (
					"DEBUG=1",
					"$(inherited)",
				);
				GCC_WARN_64_TO_32_BIT_CONVERSION = YES;
				GCC_WARN_ABOUT_RETURN_TYPE = YES_ERROR;
				GCC_WARN_UNDECLARED_SELECTOR = YES;
				GCC_WARN_UNINITIALIZED_AUTOS = YES_AGGRESSIVE;
				GCC_WARN_UNUSED_FUNCTION = YES;
				GCC_WARN_UNUSED_VARIABLE = YES;
				IPHONEOS_DEPLOYMENT_TARGET = 13.2;
				MTL_ENABLE_DEBUG_INFO = INCLUDE_SOURCE;
				MTL_FAST_MATH = YES;
				ONLY_ACTIVE_ARCH = YES;
				SDKROOT = iphoneos;
				SWIFT_ACTIVE_COMPILATION_CONDITIONS = DEBUG;
				SWIFT_OPTIMIZATION_LEVEL = "-Onone";
			};
			name = Debug;
		};
		7F22445323C78CB500401025 /* Release */ = {
			isa = XCBuildConfiguration;
			buildSettings = {
				ALWAYS_SEARCH_USER_PATHS = NO;
				CLANG_ANALYZER_NONNULL = YES;
				CLANG_ANALYZER_NUMBER_OBJECT_CONVERSION = YES_AGGRESSIVE;
				CLANG_CXX_LANGUAGE_STANDARD = "gnu++14";
				CLANG_CXX_LIBRARY = "libc++";
				CLANG_ENABLE_MODULES = YES;
				CLANG_ENABLE_OBJC_ARC = YES;
				CLANG_ENABLE_OBJC_WEAK = YES;
				CLANG_WARN_BLOCK_CAPTURE_AUTORELEASING = YES;
				CLANG_WARN_BOOL_CONVERSION = YES;
				CLANG_WARN_COMMA = YES;
				CLANG_WARN_CONSTANT_CONVERSION = YES;
				CLANG_WARN_DEPRECATED_OBJC_IMPLEMENTATIONS = YES;
				CLANG_WARN_DIRECT_OBJC_ISA_USAGE = YES_ERROR;
				CLANG_WARN_DOCUMENTATION_COMMENTS = YES;
				CLANG_WARN_EMPTY_BODY = YES;
				CLANG_WARN_ENUM_CONVERSION = YES;
				CLANG_WARN_INFINITE_RECURSION = YES;
				CLANG_WARN_INT_CONVERSION = YES;
				CLANG_WARN_NON_LITERAL_NULL_CONVERSION = YES;
				CLANG_WARN_OBJC_IMPLICIT_RETAIN_SELF = YES;
				CLANG_WARN_OBJC_LITERAL_CONVERSION = YES;
				CLANG_WARN_OBJC_ROOT_CLASS = YES_ERROR;
				CLANG_WARN_RANGE_LOOP_ANALYSIS = YES;
				CLANG_WARN_STRICT_PROTOTYPES = YES;
				CLANG_WARN_SUSPICIOUS_MOVE = YES;
				CLANG_WARN_UNGUARDED_AVAILABILITY = YES_AGGRESSIVE;
				CLANG_WARN_UNREACHABLE_CODE = YES;
				CLANG_WARN__DUPLICATE_METHOD_MATCH = YES;
				COPY_PHASE_STRIP = NO;
				DEBUG_INFORMATION_FORMAT = "dwarf-with-dsym";
				ENABLE_NS_ASSERTIONS = NO;
				ENABLE_STRICT_OBJC_MSGSEND = YES;
				GCC_C_LANGUAGE_STANDARD = gnu11;
				GCC_NO_COMMON_BLOCKS = YES;
				GCC_WARN_64_TO_32_BIT_CONVERSION = YES;
				GCC_WARN_ABOUT_RETURN_TYPE = YES_ERROR;
				GCC_WARN_UNDECLARED_SELECTOR = YES;
				GCC_WARN_UNINITIALIZED_AUTOS = YES_AGGRESSIVE;
				GCC_WARN_UNUSED_FUNCTION = YES;
				GCC_WARN_UNUSED_VARIABLE = YES;
				IPHONEOS_DEPLOYMENT_TARGET = 13.2;
				MTL_ENABLE_DEBUG_INFO = NO;
				MTL_FAST_MATH = YES;
				SDKROOT = iphoneos;
				SWIFT_COMPILATION_MODE = wholemodule;
				SWIFT_OPTIMIZATION_LEVEL = "-O";
				VALIDATE_PRODUCT = YES;
			};
			name = Release;
		};
		7F22445523C78CB500401025 /* Debug */ = {
			isa = XCBuildConfiguration;
			buildSettings = {
				ASSETCATALOG_COMPILER_APPICON_NAME = AppIcon;
				CODE_SIGN_STYLE = Automatic;
				DEVELOPMENT_TEAM = 8FB9F9Q783;
				INFOPLIST_FILE = PlanetList/Info.plist;
				LD_RUNPATH_SEARCH_PATHS = (
					"$(inherited)",
					"@executable_path/Frameworks",
				);
				PRODUCT_BUNDLE_IDENTIFIER = Natalia.PlanetList;
				PRODUCT_NAME = "$(TARGET_NAME)";
				SWIFT_VERSION = 5.0;
				TARGETED_DEVICE_FAMILY = "1,2";
			};
			name = Debug;
		};
		7F22445623C78CB500401025 /* Release */ = {
			isa = XCBuildConfiguration;
			buildSettings = {
				ASSETCATALOG_COMPILER_APPICON_NAME = AppIcon;
				CODE_SIGN_STYLE = Automatic;
				DEVELOPMENT_TEAM = 8FB9F9Q783;
				INFOPLIST_FILE = PlanetList/Info.plist;
				LD_RUNPATH_SEARCH_PATHS = (
					"$(inherited)",
					"@executable_path/Frameworks",
				);
				PRODUCT_BUNDLE_IDENTIFIER = Natalia.PlanetList;
				PRODUCT_NAME = "$(TARGET_NAME)";
				SWIFT_VERSION = 5.0;
				TARGETED_DEVICE_FAMILY = "1,2";
			};
			name = Release;
		};
		7F22445823C78CB500401025 /* Debug */ = {
			isa = XCBuildConfiguration;
			buildSettings = {
				ALWAYS_EMBED_SWIFT_STANDARD_LIBRARIES = YES;
				BUNDLE_LOADER = "$(TEST_HOST)";
				CODE_SIGN_STYLE = Automatic;
				DEVELOPMENT_TEAM = 8FB9F9Q783;
				INFOPLIST_FILE = PlanetListTests/Info.plist;
				IPHONEOS_DEPLOYMENT_TARGET = 13.2;
				LD_RUNPATH_SEARCH_PATHS = (
					"$(inherited)",
					"@executable_path/Frameworks",
					"@loader_path/Frameworks",
				);
				PRODUCT_BUNDLE_IDENTIFIER = Natalia.PlanetListTests;
				PRODUCT_NAME = "$(TARGET_NAME)";
				SWIFT_VERSION = 5.0;
				TARGETED_DEVICE_FAMILY = "1,2";
				TEST_HOST = "$(BUILT_PRODUCTS_DIR)/PlanetList.app/PlanetList";
			};
			name = Debug;
		};
		7F22445923C78CB500401025 /* Release */ = {
			isa = XCBuildConfiguration;
			buildSettings = {
				ALWAYS_EMBED_SWIFT_STANDARD_LIBRARIES = YES;
				BUNDLE_LOADER = "$(TEST_HOST)";
				CODE_SIGN_STYLE = Automatic;
				DEVELOPMENT_TEAM = 8FB9F9Q783;
				INFOPLIST_FILE = PlanetListTests/Info.plist;
				IPHONEOS_DEPLOYMENT_TARGET = 13.2;
				LD_RUNPATH_SEARCH_PATHS = (
					"$(inherited)",
					"@executable_path/Frameworks",
					"@loader_path/Frameworks",
				);
				PRODUCT_BUNDLE_IDENTIFIER = Natalia.PlanetListTests;
				PRODUCT_NAME = "$(TARGET_NAME)";
				SWIFT_VERSION = 5.0;
				TARGETED_DEVICE_FAMILY = "1,2";
				TEST_HOST = "$(BUILT_PRODUCTS_DIR)/PlanetList.app/PlanetList";
			};
			name = Release;
		};
		7F22445B23C78CB500401025 /* Debug */ = {
			isa = XCBuildConfiguration;
			buildSettings = {
				ALWAYS_EMBED_SWIFT_STANDARD_LIBRARIES = YES;
				CODE_SIGN_STYLE = Automatic;
				DEVELOPMENT_TEAM = 8FB9F9Q783;
				INFOPLIST_FILE = PlanetListUITests/Info.plist;
				LD_RUNPATH_SEARCH_PATHS = (
					"$(inherited)",
					"@executable_path/Frameworks",
					"@loader_path/Frameworks",
				);
				PRODUCT_BUNDLE_IDENTIFIER = Natalia.PlanetListUITests;
				PRODUCT_NAME = "$(TARGET_NAME)";
				SWIFT_VERSION = 5.0;
				TARGETED_DEVICE_FAMILY = "1,2";
				TEST_TARGET_NAME = PlanetList;
			};
			name = Debug;
		};
		7F22445C23C78CB500401025 /* Release */ = {
			isa = XCBuildConfiguration;
			buildSettings = {
				ALWAYS_EMBED_SWIFT_STANDARD_LIBRARIES = YES;
				CODE_SIGN_STYLE = Automatic;
				DEVELOPMENT_TEAM = 8FB9F9Q783;
				INFOPLIST_FILE = PlanetListUITests/Info.plist;
				LD_RUNPATH_SEARCH_PATHS = (
					"$(inherited)",
					"@executable_path/Frameworks",
					"@loader_path/Frameworks",
				);
				PRODUCT_BUNDLE_IDENTIFIER = Natalia.PlanetListUITests;
				PRODUCT_NAME = "$(TARGET_NAME)";
				SWIFT_VERSION = 5.0;
				TARGETED_DEVICE_FAMILY = "1,2";
				TEST_TARGET_NAME = PlanetList;
			};
			name = Release;
		};
/* End XCBuildConfiguration section */

/* Begin XCConfigurationList section */
		7F22442523C78CB200401025 /* Build configuration list for PBXProject "PlanetList" */ = {
			isa = XCConfigurationList;
			buildConfigurations = (
				7F22445223C78CB500401025 /* Debug */,
				7F22445323C78CB500401025 /* Release */,
			);
			defaultConfigurationIsVisible = 0;
			defaultConfigurationName = Release;
		};
		7F22445423C78CB500401025 /* Build configuration list for PBXNativeTarget "PlanetList" */ = {
			isa = XCConfigurationList;
			buildConfigurations = (
				7F22445523C78CB500401025 /* Debug */,
				7F22445623C78CB500401025 /* Release */,
			);
			defaultConfigurationIsVisible = 0;
			defaultConfigurationName = Release;
		};
		7F22445723C78CB500401025 /* Build configuration list for PBXNativeTarget "PlanetListTests" */ = {
			isa = XCConfigurationList;
			buildConfigurations = (
				7F22445823C78CB500401025 /* Debug */,
				7F22445923C78CB500401025 /* Release */,
			);
			defaultConfigurationIsVisible = 0;
			defaultConfigurationName = Release;
		};
		7F22445A23C78CB500401025 /* Build configuration list for PBXNativeTarget "PlanetListUITests" */ = {
			isa = XCConfigurationList;
			buildConfigurations = (
				7F22445B23C78CB500401025 /* Debug */,
				7F22445C23C78CB500401025 /* Release */,
			);
			defaultConfigurationIsVisible = 0;
			defaultConfigurationName = Release;
		};
/* End XCConfigurationList section */
	};
	rootObject = 7F22442223C78CB200401025 /* Project object */;
}
